// !$*UTF8*$!
{
	archiveVersion = 1;
	classes = {
	};
	objectVersion = 46;
	objects = {

/* Begin PBXBuildFile section */
		708F45661733E11700E82BC9 /* Cocoa.framework in Frameworks */ = {isa = PBXBuildFile; fileRef = 708F45651733E11700E82BC9 /* Cocoa.framework */; };
		708F45701733E11700E82BC9 /* InfoPlist.strings in Resources */ = {isa = PBXBuildFile; fileRef = 708F456E1733E11700E82BC9 /* InfoPlist.strings */; };
		708F45721733E11700E82BC9 /* main.m in Sources */ = {isa = PBXBuildFile; fileRef = 708F45711733E11700E82BC9 /* main.m */; };
		708F45761733E11700E82BC9 /* Credits.rtf in Resources */ = {isa = PBXBuildFile; fileRef = 708F45741733E11700E82BC9 /* Credits.rtf */; };
		708F45791733E11700E82BC9 /* AppDelegate.m in Sources */ = {isa = PBXBuildFile; fileRef = 708F45781733E11700E82BC9 /* AppDelegate.m */; };
		708F457C1733E11700E82BC9 /* MainMenu.xib in Resources */ = {isa = PBXBuildFile; fileRef = 708F457A1733E11700E82BC9 /* MainMenu.xib */; };
/* End PBXBuildFile section */

/* Begin PBXFileReference section */
		708F45621733E11700E82BC9 /* Statusbar test.app */ = {isa = PBXFileReference; explicitFileType = wrapper.application; includeInIndex = 0; path = "Statusbar test.app"; sourceTree = BUILT_PRODUCTS_DIR; };
		708F45651733E11700E82BC9 /* Cocoa.framework */ = {isa = PBXFileReference; lastKnownFileType = wrapper.framework; name = Cocoa.framework; path = System/Library/Frameworks/Cocoa.framework; sourceTree = SDKROOT; };
		708F45681733E11700E82BC9 /* AppKit.framework */ = {isa = PBXFileReference; lastKnownFileType = wrapper.framework; name = AppKit.framework; path = System/Library/Frameworks/AppKit.framework; sourceTree = SDKROOT; };
		708F45691733E11700E82BC9 /* CoreData.framework */ = {isa = PBXFileReference; lastKnownFileType = wrapper.framework; name = CoreData.framework; path = System/Library/Frameworks/CoreData.framework; sourceTree = SDKROOT; };
		708F456A1733E11700E82BC9 /* Foundation.framework */ = {isa = PBXFileReference; lastKnownFileType = wrapper.framework; name = Foundation.framework; path = System/Library/Frameworks/Foundation.framework; sourceTree = SDKROOT; };
		708F456D1733E11700E82BC9 /* Statusbar test-Info.plist */ = {isa = PBXFileReference; lastKnownFileType = text.plist.xml; path = "Statusbar test-Info.plist"; sourceTree = "<group>"; };
		708F456F1733E11700E82BC9 /* en */ = {isa = PBXFileReference; lastKnownFileType = text.plist.strings; name = en; path = en.lproj/InfoPlist.strings; sourceTree = "<group>"; };
		708F45711733E11700E82BC9 /* main.m */ = {isa = PBXFileReference; lastKnownFileType = sourcecode.c.objc; path = main.m; sourceTree = "<group>"; };
		708F45731733E11700E82BC9 /* Statusbar test-Prefix.pch */ = {isa = PBXFileReference; lastKnownFileType = sourcecode.c.h; path = "Statusbar test-Prefix.pch"; sourceTree = "<group>"; };
		708F45751733E11700E82BC9 /* en */ = {isa = PBXFileReference; lastKnownFileType = text.rtf; name = en; path = en.lproj/Credits.rtf; sourceTree = "<group>"; };
		708F45771733E11700E82BC9 /* AppDelegate.h */ = {isa = PBXFileReference; lastKnownFileType = sourcecode.c.h; path = AppDelegate.h; sourceTree = "<group>"; };
		708F45781733E11700E82BC9 /* AppDelegate.m */ = {isa = PBXFileReference; lastKnownFileType = sourcecode.c.objc; path = AppDelegate.m; sourceTree = "<group>"; };
		708F457B1733E11700E82BC9 /* en */ = {isa = PBXFileReference; lastKnownFileType = file.xib; name = en; path = en.lproj/MainMenu.xib; sourceTree = "<group>"; };
/* End PBXFileReference section */

/* Begin PBXFrameworksBuildPhase section */
		708F455F1733E11700E82BC9 /* Frameworks */ = {
			isa = PBXFrameworksBuildPhase;
			buildActionMask = 2147483647;
			files = (
				708F45661733E11700E82BC9 /* Cocoa.framework in Frameworks */,
			);
			runOnlyForDeploymentPostprocessing = 0;
		};
/* End PBXFrameworksBuildPhase section */

/* Begin PBXGroup section */
		708F45591733E11700E82BC9 = {
			isa = PBXGroup;
			children = (
				708F456B1733E11700E82BC9 /* Statusbar test */,
				708F45641733E11700E82BC9 /* Frameworks */,
				708F45631733E11700E82BC9 /* Products */,
			);
			sourceTree = "<group>";
		};
		708F45631733E11700E82BC9 /* Products */ = {
			isa = PBXGroup;
			children = (
				708F45621733E11700E82BC9 /* Statusbar test.app */,
			);
			name = Products;
			sourceTree = "<group>";
		};
		708F45641733E11700E82BC9 /* Frameworks */ = {
			isa = PBXGroup;
			children = (
				708F45651733E11700E82BC9 /* Cocoa.framework */,
				708F45671733E11700E82BC9 /* Other Frameworks */,
			);
			name = Frameworks;
			sourceTree = "<group>";
		};
		708F45671733E11700E82BC9 /* Other Frameworks */ = {
			isa = PBXGroup;
			children = (
				708F45681733E11700E82BC9 /* AppKit.framework */,
				708F45691733E11700E82BC9 /* CoreData.framework */,
				708F456A1733E11700E82BC9 /* Foundation.framework */,
			);
			name = "Other Frameworks";
			sourceTree = "<group>";
		};
		708F456B1733E11700E82BC9 /* Statusbar test */ = {
			isa = PBXGroup;
			children = (
				708F45771733E11700E82BC9 /* AppDelegate.h */,
				708F45781733E11700E82BC9 /* AppDelegate.m */,
				708F457A1733E11700E82BC9 /* MainMenu.xib */,
				708F456C1733E11700E82BC9 /* Supporting Files */,
			);
			path = "Statusbar test";
			sourceTree = "<group>";
		};
		708F456C1733E11700E82BC9 /* Supporting Files */ = {
			isa = PBXGroup;
			children = (
				708F456D1733E11700E82BC9 /* Statusbar test-Info.plist */,
				708F456E1733E11700E82BC9 /* InfoPlist.strings */,
				708F45711733E11700E82BC9 /* main.m */,
				708F45731733E11700E82BC9 /* Statusbar test-Prefix.pch */,
				708F45741733E11700E82BC9 /* Credits.rtf */,
			);
			name = "Supporting Files";
			sourceTree = "<group>";
		};
/* End PBXGroup section */

/* Begin PBXNativeTarget section */
		708F45611733E11700E82BC9 /* Statusbar test */ = {
			isa = PBXNativeTarget;
			buildConfigurationList = 708F457F1733E11700E82BC9 /* Build configuration list for PBXNativeTarget "Statusbar test" */;
			buildPhases = (
				708F455E1733E11700E82BC9 /* Sources */,
				708F455F1733E11700E82BC9 /* Frameworks */,
				708F45601733E11700E82BC9 /* Resources */,
			);
			buildRules = (
			);
			dependencies = (
			);
			name = "Statusbar test";
			productName = "Statusbar test";
			productReference = 708F45621733E11700E82BC9 /* Statusbar test.app */;
			productType = "com.apple.product-type.application";
		};
/* End PBXNativeTarget section */

/* Begin PBXProject section */
		708F455A1733E11700E82BC9 /* Project object */ = {
			isa = PBXProject;
			attributes = {
				LastUpgradeCheck = 0460;
				ORGANIZATIONNAME = "Midge 't Hoen";
			};
			buildConfigurationList = 708F455D1733E11700E82BC9 /* Build configuration list for PBXProject "Statusbar test" */;
			compatibilityVersion = "Xcode 3.2";
			developmentRegion = English;
			hasScannedForEncodings = 0;
			knownRegions = (
				en,
			);
			mainGroup = 708F45591733E11700E82BC9;
			productRefGroup = 708F45631733E11700E82BC9 /* Products */;
			projectDirPath = "";
			projectRoot = "";
			targets = (
				708F45611733E11700E82BC9 /* Statusbar test */,
			);
		};
/* End PBXProject section */

/* Begin PBXResourcesBuildPhase section */
		708F45601733E11700E82BC9 /* Resources */ = {
			isa = PBXResourcesBuildPhase;
			buildActionMask = 2147483647;
			files = (
				708F45701733E11700E82BC9 /* InfoPlist.strings in Resources */,
				708F45761733E11700E82BC9 /* Credits.rtf in Resources */,
				708F457C1733E11700E82BC9 /* MainMenu.xib in Resources */,
			);
			runOnlyForDeploymentPostprocessing = 0;
		};
/* End PBXResourcesBuildPhase section */

/* Begin PBXSourcesBuildPhase section */
		708F455E1733E11700E82BC9 /* Sources */ = {
			isa = PBXSourcesBuildPhase;
			buildActionMask = 2147483647;
			files = (
				708F45721733E11700E82BC9 /* main.m in Sources */,
				708F45791733E11700E82BC9 /* AppDelegate.m in Sources */,
			);
			runOnlyForDeploymentPostprocessing = 0;
		};
/* End PBXSourcesBuildPhase section */

/* Begin PBXVariantGroup section */
		708F456E1733E11700E82BC9 /* InfoPlist.strings */ = {
			isa = PBXVariantGroup;
			children = (
				708F456F1733E11700E82BC9 /* en */,
			);
			name = InfoPlist.strings;
			sourceTree = "<group>";
		};
		708F45741733E11700E82BC9 /* Credits.rtf */ = {
			isa = PBXVariantGroup;
			children = (
				708F45751733E11700E82BC9 /* en */,
			);
			name = Credits.rtf;
			sourceTree = "<group>";
		};
		708F457A1733E11700E82BC9 /* MainMenu.xib */ = {
			isa = PBXVariantGroup;
			children = (
				708F457B1733E11700E82BC9 /* en */,
			);
			name = MainMenu.xib;
			sourceTree = "<group>";
		};
/* End PBXVariantGroup section */

/* Begin XCBuildConfiguration section */
		708F457D1733E11700E82BC9 /* Debug */ = {
			isa = XCBuildConfiguration;
			buildSettings = {
				ALWAYS_SEARCH_USER_PATHS = NO;
				ARCHS = "$(ARCHS_STANDARD_64_BIT)";
				CLANG_CXX_LANGUAGE_STANDARD = "gnu++0x";
				CLANG_CXX_LIBRARY = "libc++";
				CLANG_ENABLE_OBJC_ARC = YES;
				CLANG_WARN_CONSTANT_CONVERSION = YES;
				CLANG_WARN_EMPTY_BODY = YES;
				CLANG_WARN_ENUM_CONVERSION = YES;
				CLANG_WARN_INT_CONVERSION = YES;
				CLANG_WARN__DUPLICATE_METHOD_MATCH = YES;
				COPY_PHASE_STRIP = NO;
				GCC_C_LANGUAGE_STANDARD = gnu99;
				GCC_DYNAMIC_NO_PIC = NO;
				GCC_ENABLE_OBJC_EXCEPTIONS = YES;
				GCC_OPTIMIZATION_LEVEL = 0;
				GCC_PREPROCESSOR_DEFINITIONS = (
					"DEBUG=1",
					"$(inherited)",
				);
				GCC_SYMBOLS_PRIVATE_EXTERN = NO;
				GCC_WARN_64_TO_32_BIT_CONVERSION = YES;
				GCC_WARN_ABOUT_RETURN_TYPE = YES;
				GCC_WARN_UNINITIALIZED_AUTOS = YES;
				GCC_WARN_UNUSED_VARIABLE = YES;
				MACOSX_DEPLOYMENT_TARGET = 10.8;
				ONLY_ACTIVE_ARCH = YES;
				SDKROOT = macosx;
			};
			name = Debug;
		};
		708F457E1733E11700E82BC9 /* Release */ = {
			isa = XCBuildConfiguration;
			buildSettings = {
				ALWAYS_SEARCH_USER_PATHS = NO;
				ARCHS = "$(ARCHS_STANDARD_64_BIT)";
				CLANG_CXX_LANGUAGE_STANDARD = "gnu++0x";
				CLANG_CXX_LIBRARY = "libc++";
				CLANG_ENABLE_OBJC_ARC = YES;
				CLANG_WARN_CONSTANT_CONVERSION = YES;
				CLANG_WARN_EMPTY_BODY = YES;
				CLANG_WARN_ENUM_CONVERSION = YES;
				CLANG_WARN_INT_CONVERSION = YES;
				CLANG_WARN__DUPLICATE_METHOD_MATCH = YES;
				COPY_PHASE_STRIP = YES;
				DEBUG_INFORMATION_FORMAT = "dwarf-with-dsym";
				GCC_C_LANGUAGE_STANDARD = gnu99;
				GCC_ENABLE_OBJC_EXCEPTIONS = YES;
				GCC_WARN_64_TO_32_BIT_CONVERSION = YES;
				GCC_WARN_ABOUT_RETURN_TYPE = YES;
				GCC_WARN_UNINITIALIZED_AUTOS = YES;
				GCC_WARN_UNUSED_VARIABLE = YES;
				MACOSX_DEPLOYMENT_TARGET = 10.8;
				SDKROOT = macosx;
			};
			name = Release;
		};
		708F45801733E11700E82BC9 /* Debug */ = {
			isa = XCBuildConfiguration;
			buildSettings = {
				COMBINE_HIDPI_IMAGES = YES;
				GCC_PRECOMPILE_PREFIX_HEADER = YES;
				GCC_PREFIX_HEADER = "Statusbar test/Statusbar test-Prefix.pch";
				INFOPLIST_FILE = "Statusbar test/Statusbar test-Info.plist";
				PRODUCT_NAME = "$(TARGET_NAME)";
				WRAPPER_EXTENSION = app;
			};
			name = Debug;
		};
		708F45811733E11700E82BC9 /* Release */ = {
			isa = XCBuildConfiguration;
			buildSettings = {
				COMBINE_HIDPI_IMAGES = YES;
				GCC_PRECOMPILE_PREFIX_HEADER = YES;
				GCC_PREFIX_HEADER = "Statusbar test/Statusbar test-Prefix.pch";
				INFOPLIST_FILE = "Statusbar test/Statusbar test-Info.plist";
				PRODUCT_NAME = "$(TARGET_NAME)";
				WRAPPER_EXTENSION = app;
			};
			name = Release;
		};
/* End XCBuildConfiguration section */

/* Begin XCConfigurationList section */
		708F455D1733E11700E82BC9 /* Build configuration list for PBXProject "Statusbar test" */ = {
			isa = XCConfigurationList;
			buildConfigurations = (
				708F457D1733E11700E82BC9 /* Debug */,
				708F457E1733E11700E82BC9 /* Release */,
			);
			defaultConfigurationIsVisible = 0;
			defaultConfigurationName = Release;
		};
		708F457F1733E11700E82BC9 /* Build configuration list for PBXNativeTarget "Statusbar test" */ = {
			isa = XCConfigurationList;
			buildConfigurations = (
				708F45801733E11700E82BC9 /* Debug */,
				708F45811733E11700E82BC9 /* Release */,
			);
			defaultConfigurationIsVisible = 0;
		};
/* End XCConfigurationList section */
	};
	rootObject = 708F455A1733E11700E82BC9 /* Project object */;
}
